
Microsoft Visual Studio Solution File, Format Version 12.00
# Visual Studio Version 16
VisualStudioVersion = 16.0.32126.315
MinimumVisualStudioVersion = 10.0.40219.1
Project("{FAE04EC0-301F-11D3-BF4B-00C04F79EFBC}") = "GestionFacture", "GestionFacture\GestionFacture.csproj", "{D9D33DE9-4AC9-4E4D-AFDB-150D2D0D3AFF}"
EndProject
Global
	GlobalSection(SolutionConfigurationPlatforms) = preSolution
		Debug|Any CPU = Debug|Any CPU
		Release|Any CPU = Release|Any CPU
	EndGlobalSection
	GlobalSection(ProjectConfigurationPlatforms) = postSolution
		{D9D33DE9-4AC9-4E4D-AFDB-150D2D0D3AFF}.Debug|Any CPU.ActiveCfg = Debug|Any CPU
		{D9D33DE9-4AC9-4E4D-AFDB-150D2D0D3AFF}.Debug|Any CPU.Build.0 = Debug|Any CPU
		{D9D33DE9-4AC9-4E4D-AFDB-150D2D0D3AFF}.Release|Any CPU.ActiveCfg = Release|Any CPU
		{D9D33DE9-4AC9-4E4D-AFDB-150D2D0D3AFF}.Release|Any CPU.Build.0 = Release|Any CPU
	EndGlobalSection
	GlobalSection(SolutionProperties) = preSolution
		HideSolutionNode = FALSE
	EndGlobalSection
	GlobalSection(ExtensibilityGlobals) = postSolution
		SolutionGuid = {FDB6B897-FD82-4400-BADC-3032BD914A49}
	EndGlobalSection
EndGlobal
